
Microsoft Visual Studio Solution File, Format Version 12.00
# Visual Studio Version 16
VisualStudioVersion = 16.0.30011.22
MinimumVisualStudioVersion = 10.0.40219.1
Project("{FAE04EC0-301F-11D3-BF4B-00C04F79EFBC}") = "BookStoreApp", "BookStoreApp\BookStoreApp.csproj", "{8AAF8507-1F7F-4940-AFC8-FD0447380654}"
EndProject
Project("{FAE04EC0-301F-11D3-BF4B-00C04F79EFBC}") = "BookStoreApp.Core", "BookStoreApp.Core\BookStoreApp.Core.csproj", "{A1183C23-17F4-4116-AAFA-BA6CCF2CE6C1}"
EndProject
Project("{FAE04EC0-301F-11D3-BF4B-00C04F79EFBC}") = "BookStoreApp.Data", "BookStoreApp.Data\BookStoreApp.Data.csproj", "{2D84DD08-2A81-4672-89C4-832C6B94998D}"
EndProject
Project("{FAE04EC0-301F-11D3-BF4B-00C04F79EFBC}") = "BookStoreApp.Service", "BookStoreApp.Service\BookStoreApp.Service.csproj", "{DFF812EC-52E5-437E-A04D-EDB2B0AA35EC}"
EndProject
Project("{FAE04EC0-301F-11D3-BF4B-00C04F79EFBC}") = "BookServiceTest", "BookServiceTest\BookServiceTest.csproj", "{900E6390-9420-4CFF-8517-EAD25AC47809}"
EndProject
Global
	GlobalSection(SolutionConfigurationPlatforms) = preSolution
		Debug|Any CPU = Debug|Any CPU
		Release|Any CPU = Release|Any CPU
	EndGlobalSection
	GlobalSection(ProjectConfigurationPlatforms) = postSolution
		{8AAF8507-1F7F-4940-AFC8-FD0447380654}.Debug|Any CPU.ActiveCfg = Debug|Any CPU
		{8AAF8507-1F7F-4940-AFC8-FD0447380654}.Debug|Any CPU.Build.0 = Debug|Any CPU
		{8AAF8507-1F7F-4940-AFC8-FD0447380654}.Release|Any CPU.ActiveCfg = Release|Any CPU
		{8AAF8507-1F7F-4940-AFC8-FD0447380654}.Release|Any CPU.Build.0 = Release|Any CPU
		{A1183C23-17F4-4116-AAFA-BA6CCF2CE6C1}.Debug|Any CPU.ActiveCfg = Debug|Any CPU
		{A1183C23-17F4-4116-AAFA-BA6CCF2CE6C1}.Debug|Any CPU.Build.0 = Debug|Any CPU
		{A1183C23-17F4-4116-AAFA-BA6CCF2CE6C1}.Release|Any CPU.ActiveCfg = Release|Any CPU
		{A1183C23-17F4-4116-AAFA-BA6CCF2CE6C1}.Release|Any CPU.Build.0 = Release|Any CPU
		{2D84DD08-2A81-4672-89C4-832C6B94998D}.Debug|Any CPU.ActiveCfg = Debug|Any CPU
		{2D84DD08-2A81-4672-89C4-832C6B94998D}.Debug|Any CPU.Build.0 = Debug|Any CPU
		{2D84DD08-2A81-4672-89C4-832C6B94998D}.Release|Any CPU.ActiveCfg = Release|Any CPU
		{2D84DD08-2A81-4672-89C4-832C6B94998D}.Release|Any CPU.Build.0 = Release|Any CPU
		{DFF812EC-52E5-437E-A04D-EDB2B0AA35EC}.Debug|Any CPU.ActiveCfg = Debug|Any CPU
		{DFF812EC-52E5-437E-A04D-EDB2B0AA35EC}.Debug|Any CPU.Build.0 = Debug|Any CPU
		{DFF812EC-52E5-437E-A04D-EDB2B0AA35EC}.Release|Any CPU.ActiveCfg = Release|Any CPU
		{DFF812EC-52E5-437E-A04D-EDB2B0AA35EC}.Release|Any CPU.Build.0 = Release|Any CPU
		{900E6390-9420-4CFF-8517-EAD25AC47809}.Debug|Any CPU.ActiveCfg = Debug|Any CPU
		{900E6390-9420-4CFF-8517-EAD25AC47809}.Debug|Any CPU.Build.0 = Debug|Any CPU
		{900E6390-9420-4CFF-8517-EAD25AC47809}.Release|Any CPU.ActiveCfg = Release|Any CPU
		{900E6390-9420-4CFF-8517-EAD25AC47809}.Release|Any CPU.Build.0 = Release|Any CPU
	EndGlobalSection
	GlobalSection(SolutionProperties) = preSolution
		HideSolutionNode = FALSE
	EndGlobalSection
	GlobalSection(ExtensibilityGlobals) = postSolution
		SolutionGuid = {41436D5C-0F16-4763-BD4B-1B589EB6F63B}
	EndGlobalSection
EndGlobal
